// !$*UTF8*$!
{
	archiveVersion = 1;
	classes = {
	};
	objectVersion = 50;
	objects = {

/* Begin PBXBuildFile section */
		7928625425D79085003F571B /* LandmarksApp.swift in Sources */ = {isa = PBXBuildFile; fileRef = 7928625325D79085003F571B /* LandmarksApp.swift */; };
		7928625625D79085003F571B /* ContentView.swift in Sources */ = {isa = PBXBuildFile; fileRef = 7928625525D79085003F571B /* ContentView.swift */; };
		7928625825D79088003F571B /* Assets.xcassets in Resources */ = {isa = PBXBuildFile; fileRef = 7928625725D79088003F571B /* Assets.xcassets */; };
		7928625B25D79088003F571B /* Preview Assets.xcassets in Resources */ = {isa = PBXBuildFile; fileRef = 7928625A25D79088003F571B /* Preview Assets.xcassets */; };
		7928626425D7B127003F571B /* CircleImage.swift in Sources */ = {isa = PBXBuildFile; fileRef = 7928626325D7B127003F571B /* CircleImage.swift */; };
		7928626725D7B331003F571B /* MapView.swift in Sources */ = {isa = PBXBuildFile; fileRef = 7928626625D7B331003F571B /* MapView.swift */; };
		7928626B25D7EFCD003F571B /* landmarkData.json in Resources */ = {isa = PBXBuildFile; fileRef = 7928626A25D7EFCC003F571B /* landmarkData.json */; };
		7928627125D7F418003F571B /* Landmark.swift in Sources */ = {isa = PBXBuildFile; fileRef = 7928627025D7F418003F571B /* Landmark.swift */; };
		7928627525D7F43D003F571B /* ModelData.swift in Sources */ = {isa = PBXBuildFile; fileRef = 7928627425D7F43D003F571B /* ModelData.swift */; };
		7928627B25D7FBB6003F571B /* LandmarkRow.swift in Sources */ = {isa = PBXBuildFile; fileRef = 7928627A25D7FBB6003F571B /* LandmarkRow.swift */; };
		7928627E25D7FE04003F571B /* LandmarkList.swift in Sources */ = {isa = PBXBuildFile; fileRef = 7928627D25D7FE04003F571B /* LandmarkList.swift */; };
		792862A525D82BB2003F571B /* LandmarkDetail.swift in Sources */ = {isa = PBXBuildFile; fileRef = 792862A425D82BB2003F571B /* LandmarkDetail.swift */; };
		792A392825D8C3F000F98074 /* FavoriteButton.swift in Sources */ = {isa = PBXBuildFile; fileRef = 792A392725D8C3F000F98074 /* FavoriteButton.swift */; };
		792A392E25D8C7BA00F98074 /* HexagonParameters.swift in Sources */ = {isa = PBXBuildFile; fileRef = 792A392D25D8C7BA00F98074 /* HexagonParameters.swift */; };
		792A393125D8C99300F98074 /* BadgeBackground.swift in Sources */ = {isa = PBXBuildFile; fileRef = 792A393025D8C99300F98074 /* BadgeBackground.swift */; };
		792A393425D8D1F800F98074 /* BadgeSymbol.swift in Sources */ = {isa = PBXBuildFile; fileRef = 792A393325D8D1F700F98074 /* BadgeSymbol.swift */; };
		792A393725D8D36000F98074 /* RotatedBadgeSymbol.swift in Sources */ = {isa = PBXBuildFile; fileRef = 792A393625D8D36000F98074 /* RotatedBadgeSymbol.swift */; };
		792A393A25D8D43F00F98074 /* Badge.swift in Sources */ = {isa = PBXBuildFile; fileRef = 792A393925D8D43F00F98074 /* Badge.swift */; };
		792A394025D8EFA200F98074 /* hikeData.json in Resources */ = {isa = PBXBuildFile; fileRef = 792A393F25D8EFA200F98074 /* hikeData.json */; };
		792A394325D8EFEE00F98074 /* Hike.swift in Sources */ = {isa = PBXBuildFile; fileRef = 792A394225D8EFEE00F98074 /* Hike.swift */; };
		792A394A25D9355400F98074 /* GraphCapsule.swift in Sources */ = {isa = PBXBuildFile; fileRef = 792A394625D9355400F98074 /* GraphCapsule.swift */; };
		792A394B25D9355400F98074 /* HikeGraph.swift in Sources */ = {isa = PBXBuildFile; fileRef = 792A394725D9355400F98074 /* HikeGraph.swift */; };
		792A394C25D9355400F98074 /* HikeDetail.swift in Sources */ = {isa = PBXBuildFile; fileRef = 792A394825D9355400F98074 /* HikeDetail.swift */; };
		792A394D25D9355400F98074 /* HikeView.swift in Sources */ = {isa = PBXBuildFile; fileRef = 792A394925D9355400F98074 /* HikeView.swift */; };
		792A395125D966B900F98074 /* CategoryHome.swift in Sources */ = {isa = PBXBuildFile; fileRef = 792A395025D966B900F98074 /* CategoryHome.swift */; };
		792A395525D96B4900F98074 /* CategoryRow.swift in Sources */ = {isa = PBXBuildFile; fileRef = 792A395425D96B4900F98074 /* CategoryRow.swift */; };
		792A395825D9704000F98074 /* CategoryItem.swift in Sources */ = {isa = PBXBuildFile; fileRef = 792A395725D9704000F98074 /* CategoryItem.swift */; };
		792A395B25D975B000F98074 /* Profile.swift in Sources */ = {isa = PBXBuildFile; fileRef = 792A395A25D975B000F98074 /* Profile.swift */; };
		792A395F25D9771A00F98074 /* ProfileHost.swift in Sources */ = {isa = PBXBuildFile; fileRef = 792A395E25D9771A00F98074 /* ProfileHost.swift */; };
		792A396325D9787A00F98074 /* ProfileSummary.swift in Sources */ = {isa = PBXBuildFile; fileRef = 792A396225D9787A00F98074 /* ProfileSummary.swift */; };
		792A396625D979EB00F98074 /* HikeBadge.swift in Sources */ = {isa = PBXBuildFile; fileRef = 792A396525D979EB00F98074 /* HikeBadge.swift */; };
		792A396A25D9841D00F98074 /* ProfileEditor.swift in Sources */ = {isa = PBXBuildFile; fileRef = 792A396925D9841D00F98074 /* ProfileEditor.swift */; };
		7991A28025DA954500977EE4 /* PageViewController.swift in Sources */ = {isa = PBXBuildFile; fileRef = 7991A27F25DA954500977EE4 /* PageViewController.swift */; };
		7991A28425DA986900977EE4 /* FeatureCard.swift in Sources */ = {isa = PBXBuildFile; fileRef = 7991A28325DA986900977EE4 /* FeatureCard.swift */; };
		7991A28725DA9A7600977EE4 /* PageView.swift in Sources */ = {isa = PBXBuildFile; fileRef = 7991A28625DA9A7600977EE4 /* PageView.swift */; };
		7991A28A25DA9FF800977EE4 /* PageControl.swift in Sources */ = {isa = PBXBuildFile; fileRef = 7991A28925DA9FF800977EE4 /* PageControl.swift */; };
		7991A29125DAACDD00977EE4 /* Assets.xcassets in Resources */ = {isa = PBXBuildFile; fileRef = 7991A29025DAACDD00977EE4 /* Assets.xcassets */; };
		7991A29825DAACDD00977EE4 /* WatchLandmarks Extension.appex in Embed App Extensions */ = {isa = PBXBuildFile; fileRef = 7991A29725DAACDD00977EE4 /* WatchLandmarks Extension.appex */; settings = {ATTRIBUTES = (RemoveHeadersOnCopy, ); }; };
		7991A29F25DAACDD00977EE4 /* ContentView.swift in Sources */ = {isa = PBXBuildFile; fileRef = 7991A29E25DAACDD00977EE4 /* ContentView.swift */; };
		7991A2A125DAACDD00977EE4 /* NotificationController.swift in Sources */ = {isa = PBXBuildFile; fileRef = 7991A2A025DAACDD00977EE4 /* NotificationController.swift */; };
		7991A2A325DAACDD00977EE4 /* NotificationView.swift in Sources */ = {isa = PBXBuildFile; fileRef = 7991A2A225DAACDD00977EE4 /* NotificationView.swift */; };
		7991A2A525DAACDD00977EE4 /* ComplicationController.swift in Sources */ = {isa = PBXBuildFile; fileRef = 7991A2A425DAACDD00977EE4 /* ComplicationController.swift */; };
		7991A2A725DAACDF00977EE4 /* Assets.xcassets in Resources */ = {isa = PBXBuildFile; fileRef = 7991A2A625DAACDF00977EE4 /* Assets.xcassets */; };
		7991A2AA25DAACDF00977EE4 /* Preview Assets.xcassets in Resources */ = {isa = PBXBuildFile; fileRef = 7991A2A925DAACDF00977EE4 /* Preview Assets.xcassets */; };
		7991A2AF25DAACDF00977EE4 /* WatchLandmarks.app in Embed Watch Content */ = {isa = PBXBuildFile; fileRef = 7991A28E25DAACD500977EE4 /* WatchLandmarks.app */; settings = {ATTRIBUTES = (RemoveHeadersOnCopy, ); }; };
		7991A2C125DAAFE600977EE4 /* hikeData.json in Resources */ = {isa = PBXBuildFile; fileRef = 792A393F25D8EFA200F98074 /* hikeData.json */; };
		7991A2C225DAAFE600977EE4 /* Landmark.swift in Sources */ = {isa = PBXBuildFile; fileRef = 7928627025D7F418003F571B /* Landmark.swift */; };
		7991A2C325DAAFE600977EE4 /* Profile.swift in Sources */ = {isa = PBXBuildFile; fileRef = 792A395A25D975B000F98074 /* Profile.swift */; };
		7991A2C425DAAFE600977EE4 /* LandmarkRow.swift in Sources */ = {isa = PBXBuildFile; fileRef = 7928627A25D7FBB6003F571B /* LandmarkRow.swift */; };
		7991A2C625DAAFE600977EE4 /* Hike.swift in Sources */ = {isa = PBXBuildFile; fileRef = 792A394225D8EFEE00F98074 /* Hike.swift */; };
		7991A2C725DAAFE600977EE4 /* landmarkData.json in Resources */ = {isa = PBXBuildFile; fileRef = 7928626A25D7EFCC003F571B /* landmarkData.json */; };
		7991A2C825DAAFE600977EE4 /* ModelData.swift in Sources */ = {isa = PBXBuildFile; fileRef = 7928627425D7F43D003F571B /* ModelData.swift */; };
		7991A2C925DAAFE600977EE4 /* CircleImage.swift in Sources */ = {isa = PBXBuildFile; fileRef = 7928626325D7B127003F571B /* CircleImage.swift */; };
		7991A2CA25DAAFE600977EE4 /* LandmarksApp.swift in Sources */ = {isa = PBXBuildFile; fileRef = 7928625325D79085003F571B /* LandmarksApp.swift */; };
		7991A2CB25DAAFE600977EE4 /* MapView.swift in Sources */ = {isa = PBXBuildFile; fileRef = 7928626625D7B331003F571B /* MapView.swift */; };
		7991A2CC25DAAFE600977EE4 /* Assets.xcassets in Resources */ = {isa = PBXBuildFile; fileRef = 7928625725D79088003F571B /* Assets.xcassets */; };
		7991A2D125DAB0E900977EE4 /* LandmarkDetail.swift in Sources */ = {isa = PBXBuildFile; fileRef = 7991A2D025DAB0E900977EE4 /* LandmarkDetail.swift */; };
		7991A2DE25DABAC000977EE4 /* ContentView.swift in Sources */ = {isa = PBXBuildFile; fileRef = 7991A2DD25DABAC000977EE4 /* ContentView.swift */; };
		7991A2E025DABAC500977EE4 /* Assets.xcassets in Resources */ = {isa = PBXBuildFile; fileRef = 7991A2DF25DABAC500977EE4 /* Assets.xcassets */; };
		7991A2E325DABAC500977EE4 /* Preview Assets.xcassets in Resources */ = {isa = PBXBuildFile; fileRef = 7991A2E225DABAC500977EE4 /* Preview Assets.xcassets */; };
		7991A2F125DABC9F00977EE4 /* LandmarkList.swift in Sources */ = {isa = PBXBuildFile; fileRef = 7928627D25D7FE04003F571B /* LandmarkList.swift */; };
		7991A2F225DABC9F00977EE4 /* Profile.swift in Sources */ = {isa = PBXBuildFile; fileRef = 792A395A25D975B000F98074 /* Profile.swift */; };
		7991A2F325DABC9F00977EE4 /* Assets.xcassets in Resources */ = {isa = PBXBuildFile; fileRef = 7928625725D79088003F571B /* Assets.xcassets */; };
		7991A2F425DABC9F00977EE4 /* Landmark.swift in Sources */ = {isa = PBXBuildFile; fileRef = 7928627025D7F418003F571B /* Landmark.swift */; };
		7991A2F525DABC9F00977EE4 /* CircleImage.swift in Sources */ = {isa = PBXBuildFile; fileRef = 7928626325D7B127003F571B /* CircleImage.swift */; };
		7991A2F625DABC9F00977EE4 /* FavoriteButton.swift in Sources */ = {isa = PBXBuildFile; fileRef = 792A392725D8C3F000F98074 /* FavoriteButton.swift */; };
		7991A2F725DABC9F00977EE4 /* MapView.swift in Sources */ = {isa = PBXBuildFile; fileRef = 7928626625D7B331003F571B /* MapView.swift */; };
		7991A2F825DABC9F00977EE4 /* Hike.swift in Sources */ = {isa = PBXBuildFile; fileRef = 792A394225D8EFEE00F98074 /* Hike.swift */; };
		7991A2F925DABC9F00977EE4 /* landmarkData.json in Resources */ = {isa = PBXBuildFile; fileRef = 7928626A25D7EFCC003F571B /* landmarkData.json */; };
		7991A2FA25DABC9F00977EE4 /* LandmarkRow.swift in Sources */ = {isa = PBXBuildFile; fileRef = 7928627A25D7FBB6003F571B /* LandmarkRow.swift */; };
		7991A2FB25DABC9F00977EE4 /* LandmarksApp.swift in Sources */ = {isa = PBXBuildFile; fileRef = 7928625325D79085003F571B /* LandmarksApp.swift */; };
		7991A2FC25DABC9F00977EE4 /* ModelData.swift in Sources */ = {isa = PBXBuildFile; fileRef = 7928627425D7F43D003F571B /* ModelData.swift */; };
		7991A2FD25DABC9F00977EE4 /* hikeData.json in Resources */ = {isa = PBXBuildFile; fileRef = 792A393F25D8EFA200F98074 /* hikeData.json */; };
		7991A30325DABD6300977EE4 /* LandmarkDetail.swift in Sources */ = {isa = PBXBuildFile; fileRef = 7991A30225DABD6200977EE4 /* LandmarkDetail.swift */; };
		7991A30925DAC32100977EE4 /* LandmarkList.swift in Sources */ = {isa = PBXBuildFile; fileRef = 7991A30825DAC32100977EE4 /* LandmarkList.swift */; };
		7991A31325DACB2800977EE4 /* LandmarkCommands.swift in Sources */ = {isa = PBXBuildFile; fileRef = 7991A31225DACB2800977EE4 /* LandmarkCommands.swift */; };
		7991A31425DACB2800977EE4 /* LandmarkCommands.swift in Sources */ = {isa = PBXBuildFile; fileRef = 7991A31225DACB2800977EE4 /* LandmarkCommands.swift */; };
		7991A31A25DACFA800977EE4 /* LandmarkSettings.swift in Sources */ = {isa = PBXBuildFile; fileRef = 7991A31925DACFA800977EE4 /* LandmarkSettings.swift */; };
/* End PBXBuildFile section */

/* Begin PBXContainerItemProxy section */
		7991A29925DAACDD00977EE4 /* PBXContainerItemProxy */ = {
			isa = PBXContainerItemProxy;
			containerPortal = 7928624825D79084003F571B /* Project object */;
			proxyType = 1;
			remoteGlobalIDString = 7991A29625DAACDD00977EE4;
			remoteInfo = "WatchLandmarks Extension";
		};
		7991A2AD25DAACDF00977EE4 /* PBXContainerItemProxy */ = {
			isa = PBXContainerItemProxy;
			containerPortal = 7928624825D79084003F571B /* Project object */;
			proxyType = 1;
			remoteGlobalIDString = 7991A28D25DAACD500977EE4;
			remoteInfo = WatchLandmarks;
		};
/* End PBXContainerItemProxy section */

/* Begin PBXCopyFilesBuildPhase section */
		7991A2B025DAACDF00977EE4 /* Embed Watch Content */ = {
			isa = PBXCopyFilesBuildPhase;
			buildActionMask = 2147483647;
			dstPath = "$(CONTENTS_FOLDER_PATH)/Watch";
			dstSubfolderSpec = 16;
			files = (
				7991A2AF25DAACDF00977EE4 /* WatchLandmarks.app in Embed Watch Content */,
			);
			name = "Embed Watch Content";
			runOnlyForDeploymentPostprocessing = 0;
		};
		7991A2B325DAACDF00977EE4 /* Embed App Extensions */ = {
			isa = PBXCopyFilesBuildPhase;
			buildActionMask = 2147483647;
			dstPath = "";
			dstSubfolderSpec = 13;
			files = (
				7991A29825DAACDD00977EE4 /* WatchLandmarks Extension.appex in Embed App Extensions */,
			);
			name = "Embed App Extensions";
			runOnlyForDeploymentPostprocessing = 0;
		};
/* End PBXCopyFilesBuildPhase section */

/* Begin PBXFileReference section */
		7928625025D79085003F571B /* Landmarks.app */ = {isa = PBXFileReference; explicitFileType = wrapper.application; includeInIndex = 0; path = Landmarks.app; sourceTree = BUILT_PRODUCTS_DIR; };
		7928625325D79085003F571B /* LandmarksApp.swift */ = {isa = PBXFileReference; lastKnownFileType = sourcecode.swift; path = LandmarksApp.swift; sourceTree = "<group>"; };
		7928625525D79085003F571B /* ContentView.swift */ = {isa = PBXFileReference; lastKnownFileType = sourcecode.swift; path = ContentView.swift; sourceTree = "<group>"; };
		7928625725D79088003F571B /* Assets.xcassets */ = {isa = PBXFileReference; lastKnownFileType = folder.assetcatalog; path = Assets.xcassets; sourceTree = "<group>"; };
		7928625A25D79088003F571B /* Preview Assets.xcassets */ = {isa = PBXFileReference; lastKnownFileType = folder.assetcatalog; path = "Preview Assets.xcassets"; sourceTree = "<group>"; };
		7928625C25D79088003F571B /* Info.plist */ = {isa = PBXFileReference; lastKnownFileType = text.plist.xml; path = Info.plist; sourceTree = "<group>"; };
		7928626325D7B127003F571B /* CircleImage.swift */ = {isa = PBXFileReference; lastKnownFileType = sourcecode.swift; path = CircleImage.swift; sourceTree = "<group>"; };
		7928626625D7B331003F571B /* MapView.swift */ = {isa = PBXFileReference; lastKnownFileType = sourcecode.swift; path = MapView.swift; sourceTree = "<group>"; };
		7928626A25D7EFCC003F571B /* landmarkData.json */ = {isa = PBXFileReference; fileEncoding = 4; lastKnownFileType = text.json; path = landmarkData.json; sourceTree = "<group>"; };
		7928627025D7F418003F571B /* Landmark.swift */ = {isa = PBXFileReference; lastKnownFileType = sourcecode.swift; path = Landmark.swift; sourceTree = "<group>"; };
		7928627425D7F43D003F571B /* ModelData.swift */ = {isa = PBXFileReference; lastKnownFileType = sourcecode.swift; path = ModelData.swift; sourceTree = "<group>"; };
		7928627A25D7FBB6003F571B /* LandmarkRow.swift */ = {isa = PBXFileReference; lastKnownFileType = sourcecode.swift; path = LandmarkRow.swift; sourceTree = "<group>"; };
		7928627D25D7FE04003F571B /* LandmarkList.swift */ = {isa = PBXFileReference; lastKnownFileType = sourcecode.swift; path = LandmarkList.swift; sourceTree = "<group>"; };
		792862A425D82BB2003F571B /* LandmarkDetail.swift */ = {isa = PBXFileReference; lastKnownFileType = sourcecode.swift; path = LandmarkDetail.swift; sourceTree = "<group>"; };
		792A392725D8C3F000F98074 /* FavoriteButton.swift */ = {isa = PBXFileReference; lastKnownFileType = sourcecode.swift; path = FavoriteButton.swift; sourceTree = "<group>"; };
		792A392D25D8C7BA00F98074 /* HexagonParameters.swift */ = {isa = PBXFileReference; lastKnownFileType = sourcecode.swift; path = HexagonParameters.swift; sourceTree = "<group>"; };
		792A393025D8C99300F98074 /* BadgeBackground.swift */ = {isa = PBXFileReference; lastKnownFileType = sourcecode.swift; path = BadgeBackground.swift; sourceTree = "<group>"; };
		792A393325D8D1F700F98074 /* BadgeSymbol.swift */ = {isa = PBXFileReference; lastKnownFileType = sourcecode.swift; path = BadgeSymbol.swift; sourceTree = "<group>"; };
		792A393625D8D36000F98074 /* RotatedBadgeSymbol.swift */ = {isa = PBXFileReference; lastKnownFileType = sourcecode.swift; path = RotatedBadgeSymbol.swift; sourceTree = "<group>"; };
		792A393925D8D43F00F98074 /* Badge.swift */ = {isa = PBXFileReference; lastKnownFileType = sourcecode.swift; path = Badge.swift; sourceTree = "<group>"; };
		792A393F25D8EFA200F98074 /* hikeData.json */ = {isa = PBXFileReference; fileEncoding = 4; lastKnownFileType = text.json; path = hikeData.json; sourceTree = "<group>"; };
		792A394225D8EFEE00F98074 /* Hike.swift */ = {isa = PBXFileReference; lastKnownFileType = sourcecode.swift; path = Hike.swift; sourceTree = "<group>"; };
		792A394625D9355400F98074 /* GraphCapsule.swift */ = {isa = PBXFileReference; fileEncoding = 4; lastKnownFileType = sourcecode.swift; path = GraphCapsule.swift; sourceTree = "<group>"; };
		792A394725D9355400F98074 /* HikeGraph.swift */ = {isa = PBXFileReference; fileEncoding = 4; lastKnownFileType = sourcecode.swift; path = HikeGraph.swift; sourceTree = "<group>"; };
		792A394825D9355400F98074 /* HikeDetail.swift */ = {isa = PBXFileReference; fileEncoding = 4; lastKnownFileType = sourcecode.swift; path = HikeDetail.swift; sourceTree = "<group>"; };
		792A394925D9355400F98074 /* HikeView.swift */ = {isa = PBXFileReference; fileEncoding = 4; lastKnownFileType = sourcecode.swift; path = HikeView.swift; sourceTree = "<group>"; };
		792A395025D966B900F98074 /* CategoryHome.swift */ = {isa = PBXFileReference; lastKnownFileType = sourcecode.swift; path = CategoryHome.swift; sourceTree = "<group>"; };
		792A395425D96B4900F98074 /* CategoryRow.swift */ = {isa = PBXFileReference; lastKnownFileType = sourcecode.swift; path = CategoryRow.swift; sourceTree = "<group>"; };
		792A395725D9704000F98074 /* CategoryItem.swift */ = {isa = PBXFileReference; lastKnownFileType = sourcecode.swift; path = CategoryItem.swift; sourceTree = "<group>"; };
		792A395A25D975B000F98074 /* Profile.swift */ = {isa = PBXFileReference; lastKnownFileType = sourcecode.swift; path = Profile.swift; sourceTree = "<group>"; };
		792A395E25D9771A00F98074 /* ProfileHost.swift */ = {isa = PBXFileReference; lastKnownFileType = sourcecode.swift; path = ProfileHost.swift; sourceTree = "<group>"; };
		792A396225D9787A00F98074 /* ProfileSummary.swift */ = {isa = PBXFileReference; lastKnownFileType = sourcecode.swift; path = ProfileSummary.swift; sourceTree = "<group>"; };
		792A396525D979EB00F98074 /* HikeBadge.swift */ = {isa = PBXFileReference; lastKnownFileType = sourcecode.swift; path = HikeBadge.swift; sourceTree = "<group>"; };
		792A396925D9841D00F98074 /* ProfileEditor.swift */ = {isa = PBXFileReference; lastKnownFileType = sourcecode.swift; path = ProfileEditor.swift; sourceTree = "<group>"; };
		7991A27F25DA954500977EE4 /* PageViewController.swift */ = {isa = PBXFileReference; lastKnownFileType = sourcecode.swift; path = PageViewController.swift; sourceTree = "<group>"; };
		7991A28325DA986900977EE4 /* FeatureCard.swift */ = {isa = PBXFileReference; lastKnownFileType = sourcecode.swift; path = FeatureCard.swift; sourceTree = "<group>"; };
		7991A28625DA9A7600977EE4 /* PageView.swift */ = {isa = PBXFileReference; lastKnownFileType = sourcecode.swift; path = PageView.swift; sourceTree = "<group>"; };
		7991A28925DA9FF800977EE4 /* PageControl.swift */ = {isa = PBXFileReference; lastKnownFileType = sourcecode.swift; path = PageControl.swift; sourceTree = "<group>"; };
		7991A28E25DAACD500977EE4 /* WatchLandmarks.app */ = {isa = PBXFileReference; explicitFileType = wrapper.application; includeInIndex = 0; path = WatchLandmarks.app; sourceTree = BUILT_PRODUCTS_DIR; };
		7991A29025DAACDD00977EE4 /* Assets.xcassets */ = {isa = PBXFileReference; lastKnownFileType = folder.assetcatalog; path = Assets.xcassets; sourceTree = "<group>"; };
		7991A29225DAACDD00977EE4 /* Info.plist */ = {isa = PBXFileReference; lastKnownFileType = text.plist.xml; path = Info.plist; sourceTree = "<group>"; };
		7991A29725DAACDD00977EE4 /* WatchLandmarks Extension.appex */ = {isa = PBXFileReference; explicitFileType = "wrapper.app-extension"; includeInIndex = 0; path = "WatchLandmarks Extension.appex"; sourceTree = BUILT_PRODUCTS_DIR; };
		7991A29E25DAACDD00977EE4 /* ContentView.swift */ = {isa = PBXFileReference; lastKnownFileType = sourcecode.swift; path = ContentView.swift; sourceTree = "<group>"; };
		7991A2A025DAACDD00977EE4 /* NotificationController.swift */ = {isa = PBXFileReference; lastKnownFileType = sourcecode.swift; path = NotificationController.swift; sourceTree = "<group>"; };
		7991A2A225DAACDD00977EE4 /* NotificationView.swift */ = {isa = PBXFileReference; lastKnownFileType = sourcecode.swift; path = NotificationView.swift; sourceTree = "<group>"; };
		7991A2A425DAACDD00977EE4 /* ComplicationController.swift */ = {isa = PBXFileReference; lastKnownFileType = sourcecode.swift; path = ComplicationController.swift; sourceTree = "<group>"; };
		7991A2A625DAACDF00977EE4 /* Assets.xcassets */ = {isa = PBXFileReference; lastKnownFileType = folder.assetcatalog; path = Assets.xcassets; sourceTree = "<group>"; };
		7991A2A925DAACDF00977EE4 /* Preview Assets.xcassets */ = {isa = PBXFileReference; lastKnownFileType = folder.assetcatalog; path = "Preview Assets.xcassets"; sourceTree = "<group>"; };
		7991A2AB25DAACDF00977EE4 /* Info.plist */ = {isa = PBXFileReference; lastKnownFileType = text.plist.xml; path = Info.plist; sourceTree = "<group>"; };
		7991A2AC25DAACDF00977EE4 /* PushNotificationPayload.apns */ = {isa = PBXFileReference; lastKnownFileType = text; path = PushNotificationPayload.apns; sourceTree = "<group>"; };
		7991A2D025DAB0E900977EE4 /* LandmarkDetail.swift */ = {isa = PBXFileReference; lastKnownFileType = sourcecode.swift; path = LandmarkDetail.swift; sourceTree = "<group>"; };
		7991A2D925DABAC000977EE4 /* MacLandmarks.app */ = {isa = PBXFileReference; explicitFileType = wrapper.application; includeInIndex = 0; path = MacLandmarks.app; sourceTree = BUILT_PRODUCTS_DIR; };
		7991A2DD25DABAC000977EE4 /* ContentView.swift */ = {isa = PBXFileReference; lastKnownFileType = sourcecode.swift; path = ContentView.swift; sourceTree = "<group>"; };
		7991A2DF25DABAC500977EE4 /* Assets.xcassets */ = {isa = PBXFileReference; lastKnownFileType = folder.assetcatalog; path = Assets.xcassets; sourceTree = "<group>"; };
		7991A2E225DABAC500977EE4 /* Preview Assets.xcassets */ = {isa = PBXFileReference; lastKnownFileType = folder.assetcatalog; path = "Preview Assets.xcassets"; sourceTree = "<group>"; };
		7991A2E425DABAC500977EE4 /* Info.plist */ = {isa = PBXFileReference; lastKnownFileType = text.plist.xml; path = Info.plist; sourceTree = "<group>"; };
		7991A2E525DABAC500977EE4 /* MacLandmarks.entitlements */ = {isa = PBXFileReference; lastKnownFileType = text.plist.entitlements; path = MacLandmarks.entitlements; sourceTree = "<group>"; };
		7991A30225DABD6200977EE4 /* LandmarkDetail.swift */ = {isa = PBXFileReference; lastKnownFileType = sourcecode.swift; path = LandmarkDetail.swift; sourceTree = "<group>"; };
		7991A30825DAC32100977EE4 /* LandmarkList.swift */ = {isa = PBXFileReference; lastKnownFileType = sourcecode.swift; path = LandmarkList.swift; sourceTree = "<group>"; };
		7991A31225DACB2800977EE4 /* LandmarkCommands.swift */ = {isa = PBXFileReference; lastKnownFileType = sourcecode.swift; path = LandmarkCommands.swift; sourceTree = "<group>"; };
		7991A31925DACFA800977EE4 /* LandmarkSettings.swift */ = {isa = PBXFileReference; lastKnownFileType = sourcecode.swift; path = LandmarkSettings.swift; sourceTree = "<group>"; };
/* End PBXFileReference section */

/* Begin PBXFrameworksBuildPhase section */
		7928624D25D79085003F571B /* Frameworks */ = {
			isa = PBXFrameworksBuildPhase;
			buildActionMask = 2147483647;
			files = (
			);
			runOnlyForDeploymentPostprocessing = 0;
		};
		7991A29425DAACDD00977EE4 /* Frameworks */ = {
			isa = PBXFrameworksBuildPhase;
			buildActionMask = 2147483647;
			files = (
			);
			runOnlyForDeploymentPostprocessing = 0;
		};
		7991A2D625DABAC000977EE4 /* Frameworks */ = {
			isa = PBXFrameworksBuildPhase;
			buildActionMask = 2147483647;
			files = (
			);
			runOnlyForDeploymentPostprocessing = 0;
		};
/* End PBXFrameworksBuildPhase section */

/* Begin PBXGroup section */
		7928624725D79084003F571B = {
			isa = PBXGroup;
			children = (
				7928625225D79085003F571B /* Landmarks */,
				7991A28F25DAACD500977EE4 /* WatchLandmarks */,
				7991A29B25DAACDD00977EE4 /* WatchLandmarks Extension */,
				7991A2DA25DABAC000977EE4 /* MacLandmarks */,
				7928625125D79085003F571B /* Products */,
			);
			sourceTree = "<group>";
		};
		7928625125D79085003F571B /* Products */ = {
			isa = PBXGroup;
			children = (
				7928625025D79085003F571B /* Landmarks.app */,
				7991A28E25DAACD500977EE4 /* WatchLandmarks.app */,
				7991A29725DAACDD00977EE4 /* WatchLandmarks Extension.appex */,
				7991A2D925DABAC000977EE4 /* MacLandmarks.app */,
			);
			name = Products;
			sourceTree = "<group>";
		};
		7928625225D79085003F571B /* Landmarks */ = {
			isa = PBXGroup;
			children = (
				7928626925D7EFCC003F571B /* Resources */,
				7928627825D7FA96003F571B /* Model */,
				7928627725D7FA70003F571B /* Views */,
				7928625325D79085003F571B /* LandmarksApp.swift */,
				7928625725D79088003F571B /* Assets.xcassets */,
				7928625C25D79088003F571B /* Info.plist */,
				7928625925D79088003F571B /* Preview Content */,
			);
			path = Landmarks;
			sourceTree = "<group>";
		};
		7928625925D79088003F571B /* Preview Content */ = {
			isa = PBXGroup;
			children = (
				7928625A25D79088003F571B /* Preview Assets.xcassets */,
			);
			path = "Preview Content";
			sourceTree = "<group>";
		};
		7928626925D7EFCC003F571B /* Resources */ = {
			isa = PBXGroup;
			children = (
				7928626A25D7EFCC003F571B /* landmarkData.json */,
				792A393F25D8EFA200F98074 /* hikeData.json */,
			);
			path = Resources;
			sourceTree = "<group>";
		};
		7928627725D7FA70003F571B /* Views */ = {
			isa = PBXGroup;
			children = (
				7991A27E25DA950800977EE4 /* PageView */,
				792A395D25D976F600F98074 /* Profiles */,
				792A394F25D9666400F98074 /* Categories */,
				792A394525D9355400F98074 /* Hikes */,
				792A393C25D8EE5300F98074 /* Badges */,
				792A392B25D8C4A500F98074 /* Helpers */,
				792A392A25D8C48D00F98074 /* Landmarks */,
				7928625525D79085003F571B /* ContentView.swift */,
			);
			path = Views;
			sourceTree = "<group>";
		};
		7928627825D7FA96003F571B /* Model */ = {
			isa = PBXGroup;
			children = (
				7928627425D7F43D003F571B /* ModelData.swift */,
				7928627025D7F418003F571B /* Landmark.swift */,
				792A394225D8EFEE00F98074 /* Hike.swift */,
				792A395A25D975B000F98074 /* Profile.swift */,
			);
			path = Model;
			sourceTree = "<group>";
		};
		792A392A25D8C48D00F98074 /* Landmarks */ = {
			isa = PBXGroup;
			children = (
				792862A425D82BB2003F571B /* LandmarkDetail.swift */,
				7928627D25D7FE04003F571B /* LandmarkList.swift */,
				7928627A25D7FBB6003F571B /* LandmarkRow.swift */,
			);
			path = Landmarks;
			sourceTree = "<group>";
		};
		792A392B25D8C4A500F98074 /* Helpers */ = {
			isa = PBXGroup;
			children = (
				7928626325D7B127003F571B /* CircleImage.swift */,
				792A392725D8C3F000F98074 /* FavoriteButton.swift */,
				7928626625D7B331003F571B /* MapView.swift */,
			);
			path = Helpers;
			sourceTree = "<group>";
		};
		792A393C25D8EE5300F98074 /* Badges */ = {
			isa = PBXGroup;
			children = (
				792A396525D979EB00F98074 /* HikeBadge.swift */,
				792A393325D8D1F700F98074 /* BadgeSymbol.swift */,
				792A392D25D8C7BA00F98074 /* HexagonParameters.swift */,
				792A393625D8D36000F98074 /* RotatedBadgeSymbol.swift */,
				792A393925D8D43F00F98074 /* Badge.swift */,
				792A393025D8C99300F98074 /* BadgeBackground.swift */,
			);
			path = Badges;
			sourceTree = "<group>";
		};
		792A394525D9355400F98074 /* Hikes */ = {
			isa = PBXGroup;
			children = (
				792A394625D9355400F98074 /* GraphCapsule.swift */,
				792A394725D9355400F98074 /* HikeGraph.swift */,
				792A394825D9355400F98074 /* HikeDetail.swift */,
				792A394925D9355400F98074 /* HikeView.swift */,
			);
			path = Hikes;
			sourceTree = "<group>";
		};
		792A394F25D9666400F98074 /* Categories */ = {
			isa = PBXGroup;
			children = (
				792A395025D966B900F98074 /* CategoryHome.swift */,
				792A395425D96B4900F98074 /* CategoryRow.swift */,
				792A395725D9704000F98074 /* CategoryItem.swift */,
			);
			path = Categories;
			sourceTree = "<group>";
		};
		792A395D25D976F600F98074 /* Profiles */ = {
			isa = PBXGroup;
			children = (
				792A395E25D9771A00F98074 /* ProfileHost.swift */,
				792A396225D9787A00F98074 /* ProfileSummary.swift */,
				792A396925D9841D00F98074 /* ProfileEditor.swift */,
			);
			path = Profiles;
			sourceTree = "<group>";
		};
		7991A27E25DA950800977EE4 /* PageView */ = {
			isa = PBXGroup;
			children = (
				7991A27F25DA954500977EE4 /* PageViewController.swift */,
				7991A28325DA986900977EE4 /* FeatureCard.swift */,
				7991A28625DA9A7600977EE4 /* PageView.swift */,
				7991A28925DA9FF800977EE4 /* PageControl.swift */,
			);
			path = PageView;
			sourceTree = "<group>";
		};
		7991A28F25DAACD500977EE4 /* WatchLandmarks */ = {
			isa = PBXGroup;
			children = (
				7991A29025DAACDD00977EE4 /* Assets.xcassets */,
				7991A29225DAACDD00977EE4 /* Info.plist */,
			);
			path = WatchLandmarks;
			sourceTree = "<group>";
		};
		7991A29B25DAACDD00977EE4 /* WatchLandmarks Extension */ = {
			isa = PBXGroup;
			children = (
				7991A29E25DAACDD00977EE4 /* ContentView.swift */,
				7991A2A025DAACDD00977EE4 /* NotificationController.swift */,
				7991A2A225DAACDD00977EE4 /* NotificationView.swift */,
				7991A2A425DAACDD00977EE4 /* ComplicationController.swift */,
				7991A2A625DAACDF00977EE4 /* Assets.xcassets */,
				7991A2AB25DAACDF00977EE4 /* Info.plist */,
				7991A2AC25DAACDF00977EE4 /* PushNotificationPayload.apns */,
				7991A2A825DAACDF00977EE4 /* Preview Content */,
				7991A2D025DAB0E900977EE4 /* LandmarkDetail.swift */,
				7991A30825DAC32100977EE4 /* LandmarkList.swift */,
			);
			path = "WatchLandmarks Extension";
			sourceTree = "<group>";
		};
		7991A2A825DAACDF00977EE4 /* Preview Content */ = {
			isa = PBXGroup;
			children = (
				7991A2A925DAACDF00977EE4 /* Preview Assets.xcassets */,
			);
			path = "Preview Content";
			sourceTree = "<group>";
		};
		7991A2DA25DABAC000977EE4 /* MacLandmarks */ = {
			isa = PBXGroup;
			children = (
				7991A2DD25DABAC000977EE4 /* ContentView.swift */,
				7991A2DF25DABAC500977EE4 /* Assets.xcassets */,
				7991A2E425DABAC500977EE4 /* Info.plist */,
				7991A2E525DABAC500977EE4 /* MacLandmarks.entitlements */,
				7991A2E125DABAC500977EE4 /* Preview Content */,
				7991A30225DABD6200977EE4 /* LandmarkDetail.swift */,
				7991A31225DACB2800977EE4 /* LandmarkCommands.swift */,
				7991A31925DACFA800977EE4 /* LandmarkSettings.swift */,
			);
			path = MacLandmarks;
			sourceTree = "<group>";
		};
		7991A2E125DABAC500977EE4 /* Preview Content */ = {
			isa = PBXGroup;
			children = (
				7991A2E225DABAC500977EE4 /* Preview Assets.xcassets */,
			);
			path = "Preview Content";
			sourceTree = "<group>";
		};
/* End PBXGroup section */

/* Begin PBXNativeTarget section */
		7928624F25D79085003F571B /* Landmarks */ = {
			isa = PBXNativeTarget;
			buildConfigurationList = 7928625F25D79088003F571B /* Build configuration list for PBXNativeTarget "Landmarks" */;
			buildPhases = (
				7928624C25D79085003F571B /* Sources */,
				7928624D25D79085003F571B /* Frameworks */,
				7928624E25D79085003F571B /* Resources */,
				7991A2B025DAACDF00977EE4 /* Embed Watch Content */,
			);
			buildRules = (
			);
			dependencies = (
				7991A2AE25DAACDF00977EE4 /* PBXTargetDependency */,
			);
			name = Landmarks;
			productName = Landmarks;
			productReference = 7928625025D79085003F571B /* Landmarks.app */;
			productType = "com.apple.product-type.application";
		};
		7991A28D25DAACD500977EE4 /* WatchLandmarks */ = {
			isa = PBXNativeTarget;
			buildConfigurationList = 7991A2B725DAACDF00977EE4 /* Build configuration list for PBXNativeTarget "WatchLandmarks" */;
			buildPhases = (
				7991A28C25DAACD500977EE4 /* Resources */,
				7991A2B325DAACDF00977EE4 /* Embed App Extensions */,
			);
			buildRules = (
			);
			dependencies = (
				7991A29A25DAACDD00977EE4 /* PBXTargetDependency */,
			);
			name = WatchLandmarks;
			productName = WatchLandmarks;
			productReference = 7991A28E25DAACD500977EE4 /* WatchLandmarks.app */;
			productType = "com.apple.product-type.application.watchapp2";
		};
		7991A29625DAACDD00977EE4 /* WatchLandmarks Extension */ = {
			isa = PBXNativeTarget;
			buildConfigurationList = 7991A2B625DAACDF00977EE4 /* Build configuration list for PBXNativeTarget "WatchLandmarks Extension" */;
			buildPhases = (
				7991A29325DAACDD00977EE4 /* Sources */,
				7991A29425DAACDD00977EE4 /* Frameworks */,
				7991A29525DAACDD00977EE4 /* Resources */,
			);
			buildRules = (
			);
			dependencies = (
			);
			name = "WatchLandmarks Extension";
			productName = "WatchLandmarks Extension";
			productReference = 7991A29725DAACDD00977EE4 /* WatchLandmarks Extension.appex */;
			productType = "com.apple.product-type.watchkit2-extension";
		};
		7991A2D825DABAC000977EE4 /* MacLandmarks */ = {
			isa = PBXNativeTarget;
			buildConfigurationList = 7991A2E625DABAC500977EE4 /* Build configuration list for PBXNativeTarget "MacLandmarks" */;
			buildPhases = (
				7991A2D525DABAC000977EE4 /* Sources */,
				7991A2D625DABAC000977EE4 /* Frameworks */,
				7991A2D725DABAC000977EE4 /* Resources */,
			);
			buildRules = (
			);
			dependencies = (
			);
			name = MacLandmarks;
			productName = MacLandmarks;
			productReference = 7991A2D925DABAC000977EE4 /* MacLandmarks.app */;
			productType = "com.apple.product-type.application";
		};
/* End PBXNativeTarget section */

/* Begin PBXProject section */
		7928624825D79084003F571B /* Project object */ = {
			isa = PBXProject;
			attributes = {
				LastSwiftUpdateCheck = 1240;
				LastUpgradeCheck = 1240;
				TargetAttributes = {
					7928624F25D79085003F571B = {
						CreatedOnToolsVersion = 12.4;
					};
					7991A28D25DAACD500977EE4 = {
						CreatedOnToolsVersion = 12.4;
					};
					7991A29625DAACDD00977EE4 = {
						CreatedOnToolsVersion = 12.4;
					};
					7991A2D825DABAC000977EE4 = {
						CreatedOnToolsVersion = 12.4;
					};
				};
			};
			buildConfigurationList = 7928624B25D79084003F571B /* Build configuration list for PBXProject "Landmarks" */;
			compatibilityVersion = "Xcode 9.3";
			developmentRegion = en;
			hasScannedForEncodings = 0;
			knownRegions = (
				en,
				Base,
			);
			mainGroup = 7928624725D79084003F571B;
			productRefGroup = 7928625125D79085003F571B /* Products */;
			projectDirPath = "";
			projectRoot = "";
			targets = (
				7928624F25D79085003F571B /* Landmarks */,
				7991A28D25DAACD500977EE4 /* WatchLandmarks */,
				7991A29625DAACDD00977EE4 /* WatchLandmarks Extension */,
				7991A2D825DABAC000977EE4 /* MacLandmarks */,
			);
		};
/* End PBXProject section */

/* Begin PBXResourcesBuildPhase section */
		7928624E25D79085003F571B /* Resources */ = {
			isa = PBXResourcesBuildPhase;
			buildActionMask = 2147483647;
			files = (
				792A394025D8EFA200F98074 /* hikeData.json in Resources */,
				7928625B25D79088003F571B /* Preview Assets.xcassets in Resources */,
				7928625825D79088003F571B /* Assets.xcassets in Resources */,
				7928626B25D7EFCD003F571B /* landmarkData.json in Resources */,
			);
			runOnlyForDeploymentPostprocessing = 0;
		};
		7991A28C25DAACD500977EE4 /* Resources */ = {
			isa = PBXResourcesBuildPhase;
			buildActionMask = 2147483647;
			files = (
				7991A29125DAACDD00977EE4 /* Assets.xcassets in Resources */,
			);
			runOnlyForDeploymentPostprocessing = 0;
		};
		7991A29525DAACDD00977EE4 /* Resources */ = {
			isa = PBXResourcesBuildPhase;
			buildActionMask = 2147483647;
			files = (
				7991A2AA25DAACDF00977EE4 /* Preview Assets.xcassets in Resources */,
				7991A2C725DAAFE600977EE4 /* landmarkData.json in Resources */,
				7991A2C125DAAFE600977EE4 /* hikeData.json in Resources */,
				7991A2A725DAACDF00977EE4 /* Assets.xcassets in Resources */,
				7991A2CC25DAAFE600977EE4 /* Assets.xcassets in Resources */,
			);
			runOnlyForDeploymentPostprocessing = 0;
		};
		7991A2D725DABAC000977EE4 /* Resources */ = {
			isa = PBXResourcesBuildPhase;
			buildActionMask = 2147483647;
			files = (
				7991A2E325DABAC500977EE4 /* Preview Assets.xcassets in Resources */,
				7991A2F925DABC9F00977EE4 /* landmarkData.json in Resources */,
				7991A2F325DABC9F00977EE4 /* Assets.xcassets in Resources */,
				7991A2E025DABAC500977EE4 /* Assets.xcassets in Resources */,
				7991A2FD25DABC9F00977EE4 /* hikeData.json in Resources */,
			);
			runOnlyForDeploymentPostprocessing = 0;
		};
/* End PBXResourcesBuildPhase section */

/* Begin PBXSourcesBuildPhase section */
		7928624C25D79085003F571B /* Sources */ = {
			isa = PBXSourcesBuildPhase;
			buildActionMask = 2147483647;
			files = (
				792A395525D96B4900F98074 /* CategoryRow.swift in Sources */,
				792A395B25D975B000F98074 /* Profile.swift in Sources */,
				7991A31325DACB2800977EE4 /* LandmarkCommands.swift in Sources */,
				7928625625D79085003F571B /* ContentView.swift in Sources */,
				792A395125D966B900F98074 /* CategoryHome.swift in Sources */,
				7991A28425DA986900977EE4 /* FeatureCard.swift in Sources */,
				792A394B25D9355400F98074 /* HikeGraph.swift in Sources */,
				792A393A25D8D43F00F98074 /* Badge.swift in Sources */,
				7928626725D7B331003F571B /* MapView.swift in Sources */,
				792A394A25D9355400F98074 /* GraphCapsule.swift in Sources */,
				7928625425D79085003F571B /* LandmarksApp.swift in Sources */,
				7991A28A25DA9FF800977EE4 /* PageControl.swift in Sources */,
				792A392825D8C3F000F98074 /* FavoriteButton.swift in Sources */,
				792A395825D9704000F98074 /* CategoryItem.swift in Sources */,
				792A394C25D9355400F98074 /* HikeDetail.swift in Sources */,
				792A396325D9787A00F98074 /* ProfileSummary.swift in Sources */,
				792A392E25D8C7BA00F98074 /* HexagonParameters.swift in Sources */,
				792A395F25D9771A00F98074 /* ProfileHost.swift in Sources */,
				792A394325D8EFEE00F98074 /* Hike.swift in Sources */,
				792A393725D8D36000F98074 /* RotatedBadgeSymbol.swift in Sources */,
				7991A28725DA9A7600977EE4 /* PageView.swift in Sources */,
				792A393425D8D1F800F98074 /* BadgeSymbol.swift in Sources */,
				792A396A25D9841D00F98074 /* ProfileEditor.swift in Sources */,
				7928627E25D7FE04003F571B /* LandmarkList.swift in Sources */,
				792A394D25D9355400F98074 /* HikeView.swift in Sources */,
				792862A525D82BB2003F571B /* LandmarkDetail.swift in Sources */,
				7991A28025DA954500977EE4 /* PageViewController.swift in Sources */,
				792A393125D8C99300F98074 /* BadgeBackground.swift in Sources */,
				792A396625D979EB00F98074 /* HikeBadge.swift in Sources */,
				7928626425D7B127003F571B /* CircleImage.swift in Sources */,
				7928627125D7F418003F571B /* Landmark.swift in Sources */,
				7928627B25D7FBB6003F571B /* LandmarkRow.swift in Sources */,
				7928627525D7F43D003F571B /* ModelData.swift in Sources */,
			);
			runOnlyForDeploymentPostprocessing = 0;
		};
		7991A29325DAACDD00977EE4 /* Sources */ = {
			isa = PBXSourcesBuildPhase;
			buildActionMask = 2147483647;
			files = (
				7991A2A125DAACDD00977EE4 /* NotificationController.swift in Sources */,
				7991A2C325DAAFE600977EE4 /* Profile.swift in Sources */,
				7991A29F25DAACDD00977EE4 /* ContentView.swift in Sources */,
				7991A30925DAC32100977EE4 /* LandmarkList.swift in Sources */,
				7991A2CB25DAAFE600977EE4 /* MapView.swift in Sources */,
				7991A2A525DAACDD00977EE4 /* ComplicationController.swift in Sources */,
				7991A2D125DAB0E900977EE4 /* LandmarkDetail.swift in Sources */,
				7991A2A325DAACDD00977EE4 /* NotificationView.swift in Sources */,
				7991A2C625DAAFE600977EE4 /* Hike.swift in Sources */,
				7991A2CA25DAAFE600977EE4 /* LandmarksApp.swift in Sources */,
				7991A2C825DAAFE600977EE4 /* ModelData.swift in Sources */,
				7991A2C925DAAFE600977EE4 /* CircleImage.swift in Sources */,
				7991A2C425DAAFE600977EE4 /* LandmarkRow.swift in Sources */,
				7991A2C225DAAFE600977EE4 /* Landmark.swift in Sources */,
			);
			runOnlyForDeploymentPostprocessing = 0;
		};
		7991A2D525DABAC000977EE4 /* Sources */ = {
			isa = PBXSourcesBuildPhase;
			buildActionMask = 2147483647;
			files = (
				7991A2F725DABC9F00977EE4 /* MapView.swift in Sources */,
				7991A2DE25DABAC000977EE4 /* ContentView.swift in Sources */,
				7991A31A25DACFA800977EE4 /* LandmarkSettings.swift in Sources */,
				7991A2F225DABC9F00977EE4 /* Profile.swift in Sources */,
				7991A2FB25DABC9F00977EE4 /* LandmarksApp.swift in Sources */,
				7991A31425DACB2800977EE4 /* LandmarkCommands.swift in Sources */,
				7991A30325DABD6300977EE4 /* LandmarkDetail.swift in Sources */,
				7991A2F125DABC9F00977EE4 /* LandmarkList.swift in Sources */,
				7991A2F625DABC9F00977EE4 /* FavoriteButton.swift in Sources */,
				7991A2F425DABC9F00977EE4 /* Landmark.swift in Sources */,
				7991A2FC25DABC9F00977EE4 /* ModelData.swift in Sources */,
				7991A2F825DABC9F00977EE4 /* Hike.swift in Sources */,
				7991A2F525DABC9F00977EE4 /* CircleImage.swift in Sources */,
				7991A2FA25DABC9F00977EE4 /* LandmarkRow.swift in Sources */,
			);
			runOnlyForDeploymentPostprocessing = 0;
		};
/* End PBXSourcesBuildPhase section */

/* Begin PBXTargetDependency section */
		7991A29A25DAACDD00977EE4 /* PBXTargetDependency */ = {
			isa = PBXTargetDependency;
			target = 7991A29625DAACDD00977EE4 /* WatchLandmarks Extension */;
			targetProxy = 7991A29925DAACDD00977EE4 /* PBXContainerItemProxy */;
		};
		7991A2AE25DAACDF00977EE4 /* PBXTargetDependency */ = {
			isa = PBXTargetDependency;
			target = 7991A28D25DAACD500977EE4 /* WatchLandmarks */;
			targetProxy = 7991A2AD25DAACDF00977EE4 /* PBXContainerItemProxy */;
		};
/* End PBXTargetDependency section */

/* Begin XCBuildConfiguration section */
		7928625D25D79088003F571B /* Debug */ = {
			isa = XCBuildConfiguration;
			buildSettings = {
				ALWAYS_SEARCH_USER_PATHS = NO;
				CLANG_ANALYZER_NONNULL = YES;
				CLANG_ANALYZER_NUMBER_OBJECT_CONVERSION = YES_AGGRESSIVE;
				CLANG_CXX_LANGUAGE_STANDARD = "gnu++14";
				CLANG_CXX_LIBRARY = "libc++";
				CLANG_ENABLE_MODULES = YES;
				CLANG_ENABLE_OBJC_ARC = YES;
				CLANG_ENABLE_OBJC_WEAK = YES;
				CLANG_WARN_BLOCK_CAPTURE_AUTORELEASING = YES;
				CLANG_WARN_BOOL_CONVERSION = YES;
				CLANG_WARN_COMMA = YES;
				CLANG_WARN_CONSTANT_CONVERSION = YES;
				CLANG_WARN_DEPRECATED_OBJC_IMPLEMENTATIONS = YES;
				CLANG_WARN_DIRECT_OBJC_ISA_USAGE = YES_ERROR;
				CLANG_WARN_DOCUMENTATION_COMMENTS = YES;
				CLANG_WARN_EMPTY_BODY = YES;
				CLANG_WARN_ENUM_CONVERSION = YES;
				CLANG_WARN_INFINITE_RECURSION = YES;
				CLANG_WARN_INT_CONVERSION = YES;
				CLANG_WARN_NON_LITERAL_NULL_CONVERSION = YES;
				CLANG_WARN_OBJC_IMPLICIT_RETAIN_SELF = YES;
				CLANG_WARN_OBJC_LITERAL_CONVERSION = YES;
				CLANG_WARN_OBJC_ROOT_CLASS = YES_ERROR;
				CLANG_WARN_QUOTED_INCLUDE_IN_FRAMEWORK_HEADER = YES;
				CLANG_WARN_RANGE_LOOP_ANALYSIS = YES;
				CLANG_WARN_STRICT_PROTOTYPES = YES;
				CLANG_WARN_SUSPICIOUS_MOVE = YES;
				CLANG_WARN_UNGUARDED_AVAILABILITY = YES_AGGRESSIVE;
				CLANG_WARN_UNREACHABLE_CODE = YES;
				CLANG_WARN__DUPLICATE_METHOD_MATCH = YES;
				COPY_PHASE_STRIP = NO;
				DEBUG_INFORMATION_FORMAT = dwarf;
				ENABLE_STRICT_OBJC_MSGSEND = YES;
				ENABLE_TESTABILITY = YES;
				GCC_C_LANGUAGE_STANDARD = gnu11;
				GCC_DYNAMIC_NO_PIC = NO;
				GCC_NO_COMMON_BLOCKS = YES;
				GCC_OPTIMIZATION_LEVEL = 0;
				GCC_PREPROCESSOR_DEFINITIONS = (
					"DEBUG=1",
					"$(inherited)",
				);
				GCC_WARN_64_TO_32_BIT_CONVERSION = YES;
				GCC_WARN_ABOUT_RETURN_TYPE = YES_ERROR;
				GCC_WARN_UNDECLARED_SELECTOR = YES;
				GCC_WARN_UNINITIALIZED_AUTOS = YES_AGGRESSIVE;
				GCC_WARN_UNUSED_FUNCTION = YES;
				GCC_WARN_UNUSED_VARIABLE = YES;
				IPHONEOS_DEPLOYMENT_TARGET = 14.4;
				MTL_ENABLE_DEBUG_INFO = INCLUDE_SOURCE;
				MTL_FAST_MATH = YES;
				ONLY_ACTIVE_ARCH = YES;
				SDKROOT = iphoneos;
				SWIFT_ACTIVE_COMPILATION_CONDITIONS = DEBUG;
				SWIFT_OPTIMIZATION_LEVEL = "-Onone";
			};
			name = Debug;
		};
		7928625E25D79088003F571B /* Release */ = {
			isa = XCBuildConfiguration;
			buildSettings = {
				ALWAYS_SEARCH_USER_PATHS = NO;
				CLANG_ANALYZER_NONNULL = YES;
				CLANG_ANALYZER_NUMBER_OBJECT_CONVERSION = YES_AGGRESSIVE;
				CLANG_CXX_LANGUAGE_STANDARD = "gnu++14";
				CLANG_CXX_LIBRARY = "libc++";
				CLANG_ENABLE_MODULES = YES;
				CLANG_ENABLE_OBJC_ARC = YES;
				CLANG_ENABLE_OBJC_WEAK = YES;
				CLANG_WARN_BLOCK_CAPTURE_AUTORELEASING = YES;
				CLANG_WARN_BOOL_CONVERSION = YES;
				CLANG_WARN_COMMA = YES;
				CLANG_WARN_CONSTANT_CONVERSION = YES;
				CLANG_WARN_DEPRECATED_OBJC_IMPLEMENTATIONS = YES;
				CLANG_WARN_DIRECT_OBJC_ISA_USAGE = YES_ERROR;
				CLANG_WARN_DOCUMENTATION_COMMENTS = YES;
				CLANG_WARN_EMPTY_BODY = YES;
				CLANG_WARN_ENUM_CONVERSION = YES;
				CLANG_WARN_INFINITE_RECURSION = YES;
				CLANG_WARN_INT_CONVERSION = YES;
				CLANG_WARN_NON_LITERAL_NULL_CONVERSION = YES;
				CLANG_WARN_OBJC_IMPLICIT_RETAIN_SELF = YES;
				CLANG_WARN_OBJC_LITERAL_CONVERSION = YES;
				CLANG_WARN_OBJC_ROOT_CLASS = YES_ERROR;
				CLANG_WARN_QUOTED_INCLUDE_IN_FRAMEWORK_HEADER = YES;
				CLANG_WARN_RANGE_LOOP_ANALYSIS = YES;
				CLANG_WARN_STRICT_PROTOTYPES = YES;
				CLANG_WARN_SUSPICIOUS_MOVE = YES;
				CLANG_WARN_UNGUARDED_AVAILABILITY = YES_AGGRESSIVE;
				CLANG_WARN_UNREACHABLE_CODE = YES;
				CLANG_WARN__DUPLICATE_METHOD_MATCH = YES;
				COPY_PHASE_STRIP = NO;
				DEBUG_INFORMATION_FORMAT = "dwarf-with-dsym";
				ENABLE_NS_ASSERTIONS = NO;
				ENABLE_STRICT_OBJC_MSGSEND = YES;
				GCC_C_LANGUAGE_STANDARD = gnu11;
				GCC_NO_COMMON_BLOCKS = YES;
				GCC_WARN_64_TO_32_BIT_CONVERSION = YES;
				GCC_WARN_ABOUT_RETURN_TYPE = YES_ERROR;
				GCC_WARN_UNDECLARED_SELECTOR = YES;
				GCC_WARN_UNINITIALIZED_AUTOS = YES_AGGRESSIVE;
				GCC_WARN_UNUSED_FUNCTION = YES;
				GCC_WARN_UNUSED_VARIABLE = YES;
				IPHONEOS_DEPLOYMENT_TARGET = 14.4;
				MTL_ENABLE_DEBUG_INFO = NO;
				MTL_FAST_MATH = YES;
				SDKROOT = iphoneos;
				SWIFT_COMPILATION_MODE = wholemodule;
				SWIFT_OPTIMIZATION_LEVEL = "-O";
				VALIDATE_PRODUCT = YES;
			};
			name = Release;
		};
		7928626025D79088003F571B /* Debug */ = {
			isa = XCBuildConfiguration;
			buildSettings = {
				ASSETCATALOG_COMPILER_APPICON_NAME = AppIcon;
				ASSETCATALOG_COMPILER_GLOBAL_ACCENT_COLOR_NAME = AccentColor;
				CODE_SIGN_STYLE = Automatic;
				DEVELOPMENT_ASSET_PATHS = "\"Landmarks/Preview Content\"";
				ENABLE_PREVIEWS = YES;
				INFOPLIST_FILE = Landmarks/Info.plist;
				IPHONEOS_DEPLOYMENT_TARGET = 14.0;
				LD_RUNPATH_SEARCH_PATHS = (
					"$(inherited)",
					"@executable_path/Frameworks",
				);
				PRODUCT_BUNDLE_IDENTIFIER = com.Landmarks;
				PRODUCT_NAME = "$(TARGET_NAME)";
				SWIFT_VERSION = 5.0;
				TARGETED_DEVICE_FAMILY = "1,2";
			};
			name = Debug;
		};
		7928626125D79088003F571B /* Release */ = {
			isa = XCBuildConfiguration;
			buildSettings = {
				ASSETCATALOG_COMPILER_APPICON_NAME = AppIcon;
				ASSETCATALOG_COMPILER_GLOBAL_ACCENT_COLOR_NAME = AccentColor;
				CODE_SIGN_STYLE = Automatic;
				DEVELOPMENT_ASSET_PATHS = "\"Landmarks/Preview Content\"";
				ENABLE_PREVIEWS = YES;
				INFOPLIST_FILE = Landmarks/Info.plist;
				IPHONEOS_DEPLOYMENT_TARGET = 14.0;
				LD_RUNPATH_SEARCH_PATHS = (
					"$(inherited)",
					"@executable_path/Frameworks",
				);
				PRODUCT_BUNDLE_IDENTIFIER = com.Landmarks;
				PRODUCT_NAME = "$(TARGET_NAME)";
				SWIFT_VERSION = 5.0;
				TARGETED_DEVICE_FAMILY = "1,2";
			};
			name = Release;
		};
		7991A2B125DAACDF00977EE4 /* Debug */ = {
			isa = XCBuildConfiguration;
			buildSettings = {
				ALWAYS_EMBED_SWIFT_STANDARD_LIBRARIES = YES;
				ASSETCATALOG_COMPILER_APPICON_NAME = AppIcon;
				ASSETCATALOG_COMPILER_GLOBAL_ACCENT_COLOR_NAME = AccentColor;
				CODE_SIGN_STYLE = Automatic;
				IBSC_MODULE = WatchLandmarks_Extension;
				INFOPLIST_FILE = WatchLandmarks/Info.plist;
				PRODUCT_BUNDLE_IDENTIFIER = com.Landmarks.watchkitapp;
				PRODUCT_NAME = "$(TARGET_NAME)";
				SDKROOT = watchos;
				SKIP_INSTALL = YES;
				SWIFT_VERSION = 5.0;
				TARGETED_DEVICE_FAMILY = 4;
				WATCHOS_DEPLOYMENT_TARGET = 7.2;
			};
			name = Debug;
		};
		7991A2B225DAACDF00977EE4 /* Release */ = {
			isa = XCBuildConfiguration;
			buildSettings = {
				ALWAYS_EMBED_SWIFT_STANDARD_LIBRARIES = YES;
				ASSETCATALOG_COMPILER_APPICON_NAME = AppIcon;
				ASSETCATALOG_COMPILER_GLOBAL_ACCENT_COLOR_NAME = AccentColor;
				CODE_SIGN_STYLE = Automatic;
				IBSC_MODULE = WatchLandmarks_Extension;
				INFOPLIST_FILE = WatchLandmarks/Info.plist;
				PRODUCT_BUNDLE_IDENTIFIER = com.Landmarks.watchkitapp;
				PRODUCT_NAME = "$(TARGET_NAME)";
				SDKROOT = watchos;
				SKIP_INSTALL = YES;
				SWIFT_VERSION = 5.0;
				TARGETED_DEVICE_FAMILY = 4;
				WATCHOS_DEPLOYMENT_TARGET = 7.2;
			};
			name = Release;
		};
		7991A2B425DAACDF00977EE4 /* Debug */ = {
			isa = XCBuildConfiguration;
			buildSettings = {
				ASSETCATALOG_COMPILER_COMPLICATION_NAME = Complication;
				CODE_SIGN_STYLE = Automatic;
				DEVELOPMENT_ASSET_PATHS = "\"WatchLandmarks Extension/Preview Content\"";
				ENABLE_PREVIEWS = YES;
				INFOPLIST_FILE = "WatchLandmarks Extension/Info.plist";
				LD_RUNPATH_SEARCH_PATHS = (
					"$(inherited)",
					"@executable_path/Frameworks",
					"@executable_path/../../Frameworks",
				);
				PRODUCT_BUNDLE_IDENTIFIER = com.Landmarks.watchkitapp.watchkitextension;
				PRODUCT_NAME = "${TARGET_NAME}";
				SDKROOT = watchos;
				SKIP_INSTALL = YES;
				SWIFT_VERSION = 5.0;
				TARGETED_DEVICE_FAMILY = 4;
				WATCHOS_DEPLOYMENT_TARGET = 7.2;
			};
			name = Debug;
		};
		7991A2B525DAACDF00977EE4 /* Release */ = {
			isa = XCBuildConfiguration;
			buildSettings = {
				ASSETCATALOG_COMPILER_COMPLICATION_NAME = Complication;
				CODE_SIGN_STYLE = Automatic;
				DEVELOPMENT_ASSET_PATHS = "\"WatchLandmarks Extension/Preview Content\"";
				ENABLE_PREVIEWS = YES;
				INFOPLIST_FILE = "WatchLandmarks Extension/Info.plist";
				LD_RUNPATH_SEARCH_PATHS = (
					"$(inherited)",
					"@executable_path/Frameworks",
					"@executable_path/../../Frameworks",
				);
				PRODUCT_BUNDLE_IDENTIFIER = com.Landmarks.watchkitapp.watchkitextension;
				PRODUCT_NAME = "${TARGET_NAME}";
				SDKROOT = watchos;
				SKIP_INSTALL = YES;
				SWIFT_VERSION = 5.0;
				TARGETED_DEVICE_FAMILY = 4;
				WATCHOS_DEPLOYMENT_TARGET = 7.2;
			};
			name = Release;
		};
		7991A2E725DABAC500977EE4 /* Debug */ = {
			isa = XCBuildConfiguration;
			buildSettings = {
				ASSETCATALOG_COMPILER_APPICON_NAME = AppIcon;
				ASSETCATALOG_COMPILER_GLOBAL_ACCENT_COLOR_NAME = AccentColor;
				CODE_SIGN_ENTITLEMENTS = MacLandmarks/MacLandmarks.entitlements;
				CODE_SIGN_STYLE = Automatic;
				COMBINE_HIDPI_IMAGES = YES;
				DEVELOPMENT_ASSET_PATHS = "\"MacLandmarks/Preview Content\"";
				ENABLE_PREVIEWS = YES;
				INFOPLIST_FILE = MacLandmarks/Info.plist;
				LD_RUNPATH_SEARCH_PATHS = (
					"$(inherited)",
					"@executable_path/../Frameworks",
				);
				MACOSX_DEPLOYMENT_TARGET = 11.1;
				PRODUCT_BUNDLE_IDENTIFIER = com.MacLandmarks;
				PRODUCT_NAME = "$(TARGET_NAME)";
				SDKROOT = macosx;
				SWIFT_VERSION = 5.0;
			};
			name = Debug;
		};
		7991A2E825DABAC500977EE4 /* Release */ = {
			isa = XCBuildConfiguration;
			buildSettings = {
				ASSETCATALOG_COMPILER_APPICON_NAME = AppIcon;
				ASSETCATALOG_COMPILER_GLOBAL_ACCENT_COLOR_NAME = AccentColor;
				CODE_SIGN_ENTITLEMENTS = MacLandmarks/MacLandmarks.entitlements;
				CODE_SIGN_STYLE = Automatic;
				COMBINE_HIDPI_IMAGES = YES;
				DEVELOPMENT_ASSET_PATHS = "\"MacLandmarks/Preview Content\"";
				ENABLE_PREVIEWS = YES;
				INFOPLIST_FILE = MacLandmarks/Info.plist;
				LD_RUNPATH_SEARCH_PATHS = (
					"$(inherited)",
					"@executable_path/../Frameworks",
				);
				MACOSX_DEPLOYMENT_TARGET = 11.1;
				PRODUCT_BUNDLE_IDENTIFIER = com.MacLandmarks;
				PRODUCT_NAME = "$(TARGET_NAME)";
				SDKROOT = macosx;
				SWIFT_VERSION = 5.0;
			};
			name = Release;
		};
/* End XCBuildConfiguration section */

/* Begin XCConfigurationList section */
		7928624B25D79084003F571B /* Build configuration list for PBXProject "Landmarks" */ = {
			isa = XCConfigurationList;
			buildConfigurations = (
				7928625D25D79088003F571B /* Debug */,
				7928625E25D79088003F571B /* Release */,
			);
			defaultConfigurationIsVisible = 0;
			defaultConfigurationName = Release;
		};
		7928625F25D79088003F571B /* Build configuration list for PBXNativeTarget "Landmarks" */ = {
			isa = XCConfigurationList;
			buildConfigurations = (
				7928626025D79088003F571B /* Debug */,
				7928626125D79088003F571B /* Release */,
			);
			defaultConfigurationIsVisible = 0;
			defaultConfigurationName = Release;
		};
		7991A2B625DAACDF00977EE4 /* Build configuration list for PBXNativeTarget "WatchLandmarks Extension" */ = {
			isa = XCConfigurationList;
			buildConfigurations = (
				7991A2B425DAACDF00977EE4 /* Debug */,
				7991A2B525DAACDF00977EE4 /* Release */,
			);
			defaultConfigurationIsVisible = 0;
			defaultConfigurationName = Release;
		};
		7991A2B725DAACDF00977EE4 /* Build configuration list for PBXNativeTarget "WatchLandmarks" */ = {
			isa = XCConfigurationList;
			buildConfigurations = (
				7991A2B125DAACDF00977EE4 /* Debug */,
				7991A2B225DAACDF00977EE4 /* Release */,
			);
			defaultConfigurationIsVisible = 0;
			defaultConfigurationName = Release;
		};
		7991A2E625DABAC500977EE4 /* Build configuration list for PBXNativeTarget "MacLandmarks" */ = {
			isa = XCConfigurationList;
			buildConfigurations = (
				7991A2E725DABAC500977EE4 /* Debug */,
				7991A2E825DABAC500977EE4 /* Release */,
			);
			defaultConfigurationIsVisible = 0;
			defaultConfigurationName = Release;
		};
/* End XCConfigurationList section */
	};
	rootObject = 7928624825D79084003F571B /* Project object */;
}
